
Microsoft Visual Studio Solution File, Format Version 12.00
# Visual Studio 14
VisualStudioVersion = 14.0.22310.1
MinimumVisualStudioVersion = 10.0.40219.1
Project("{FAE04EC0-301F-11D3-BF4B-00C04F79EFBC}") = "MagicExpression", "MagicExpression\MagicExpression.csproj", "{720A6789-3D8C-44D2-893E-D6D8522DB78B}"
EndProject
Project("{FAE04EC0-301F-11D3-BF4B-00C04F79EFBC}") = "MagicExpression.Test", "MagicExpression.Test\MagicExpression.Test.csproj", "{AFDCFDA9-2942-45D9-8335-F487469D1336}"
EndProject
Project("{FAE04EC0-301F-11D3-BF4B-00C04F79EFBC}") = "MagicExpressionBoilerplate.Test", "MagicExpressionBoilerplate.Test\MagicExpressionBoilerplate.Test.csproj", "{81760524-F759-42C0-8716-B61FAF55C6F7}"
EndProject
Project("{FAE04EC0-301F-11D3-BF4B-00C04F79EFBC}") = "MagicExpressionReverse.Test", "MagicExpressionReverse.Test\MagicExpressionReverse.Test.csproj", "{FFB00300-915F-47B6-80F5-B82A5FA40CB7}"
EndProject
Global
	GlobalSection(SolutionConfigurationPlatforms) = preSolution
		Debug|Any CPU = Debug|Any CPU
		Release|Any CPU = Release|Any CPU
	EndGlobalSection
	GlobalSection(ProjectConfigurationPlatforms) = postSolution
		{720A6789-3D8C-44D2-893E-D6D8522DB78B}.Debug|Any CPU.ActiveCfg = Debug|Any CPU
		{720A6789-3D8C-44D2-893E-D6D8522DB78B}.Debug|Any CPU.Build.0 = Debug|Any CPU
		{720A6789-3D8C-44D2-893E-D6D8522DB78B}.Release|Any CPU.ActiveCfg = Release|Any CPU
		{720A6789-3D8C-44D2-893E-D6D8522DB78B}.Release|Any CPU.Build.0 = Release|Any CPU
		{AFDCFDA9-2942-45D9-8335-F487469D1336}.Debug|Any CPU.ActiveCfg = Debug|Any CPU
		{AFDCFDA9-2942-45D9-8335-F487469D1336}.Debug|Any CPU.Build.0 = Debug|Any CPU
		{AFDCFDA9-2942-45D9-8335-F487469D1336}.Release|Any CPU.ActiveCfg = Release|Any CPU
		{AFDCFDA9-2942-45D9-8335-F487469D1336}.Release|Any CPU.Build.0 = Release|Any CPU
		{81760524-F759-42C0-8716-B61FAF55C6F7}.Debug|Any CPU.ActiveCfg = Debug|Any CPU
		{81760524-F759-42C0-8716-B61FAF55C6F7}.Debug|Any CPU.Build.0 = Debug|Any CPU
		{81760524-F759-42C0-8716-B61FAF55C6F7}.Release|Any CPU.ActiveCfg = Release|Any CPU
		{81760524-F759-42C0-8716-B61FAF55C6F7}.Release|Any CPU.Build.0 = Release|Any CPU
		{FFB00300-915F-47B6-80F5-B82A5FA40CB7}.Debug|Any CPU.ActiveCfg = Debug|Any CPU
		{FFB00300-915F-47B6-80F5-B82A5FA40CB7}.Debug|Any CPU.Build.0 = Debug|Any CPU
		{FFB00300-915F-47B6-80F5-B82A5FA40CB7}.Release|Any CPU.ActiveCfg = Release|Any CPU
		{FFB00300-915F-47B6-80F5-B82A5FA40CB7}.Release|Any CPU.Build.0 = Release|Any CPU
	EndGlobalSection
	GlobalSection(SolutionProperties) = preSolution
		HideSolutionNode = FALSE
	EndGlobalSection
EndGlobal
